
Microsoft Visual Studio Solution File, Format Version 12.00
Project("{FAE04EC0-301F-11D3-BF4B-00C04F79EFBC}") = "ConsoleApp1", "ConsoleApp1.csproj", "{E0DB730B-F86A-4D0A-8834-E008C877BF87}"
EndProject
Project("{FAE04EC0-301F-11D3-BF4B-00C04F79EFBC}") = "ConsoleApp1.Test", "ConsoleApp1.Test\ConsoleApp1.Test.csproj", "{39367C99-5FF9-4F31-8FEA-3CA38371D894}"
EndProject
Global
	GlobalSection(SolutionConfigurationPlatforms) = preSolution
		Debug|Any CPU = Debug|Any CPU
		Release|Any CPU = Release|Any CPU
	EndGlobalSection
	GlobalSection(ProjectConfigurationPlatforms) = postSolution
		{E0DB730B-F86A-4D0A-8834-E008C877BF87}.Debug|Any CPU.ActiveCfg = Debug|Any CPU
		{E0DB730B-F86A-4D0A-8834-E008C877BF87}.Debug|Any CPU.Build.0 = Debug|Any CPU
		{E0DB730B-F86A-4D0A-8834-E008C877BF87}.Release|Any CPU.ActiveCfg = Release|Any CPU
		{E0DB730B-F86A-4D0A-8834-E008C877BF87}.Release|Any CPU.Build.0 = Release|Any CPU
		{39367C99-5FF9-4F31-8FEA-3CA38371D894}.Debug|Any CPU.ActiveCfg = Debug|Any CPU
		{39367C99-5FF9-4F31-8FEA-3CA38371D894}.Debug|Any CPU.Build.0 = Debug|Any CPU
		{39367C99-5FF9-4F31-8FEA-3CA38371D894}.Release|Any CPU.ActiveCfg = Release|Any CPU
		{39367C99-5FF9-4F31-8FEA-3CA38371D894}.Release|Any CPU.Build.0 = Release|Any CPU
	EndGlobalSection
EndGlobal
